
Microsoft Visual Studio Solution File, Format Version 11.00
# Visual Studio 2010
# SharpDevelop 5.1
Project("{FAE04EC0-301F-11D3-BF4B-00C04F79EFBC}") = "LessonCS50", "LessonCS50\LessonCS50.csproj", "{0EAFEB36-24FB-42FF-A41A-FFBE644D6094}"
EndProject
Global
	GlobalSection(SolutionConfigurationPlatforms) = preSolution
		Debug|Any CPU = Debug|Any CPU
		Release|Any CPU = Release|Any CPU
	EndGlobalSection
	GlobalSection(ProjectConfigurationPlatforms) = postSolution
		{0EAFEB36-24FB-42FF-A41A-FFBE644D6094}.Debug|Any CPU.ActiveCfg = Debug|Any CPU
		{0EAFEB36-24FB-42FF-A41A-FFBE644D6094}.Debug|Any CPU.Build.0 = Debug|Any CPU
		{0EAFEB36-24FB-42FF-A41A-FFBE644D6094}.Release|Any CPU.ActiveCfg = Release|Any CPU
		{0EAFEB36-24FB-42FF-A41A-FFBE644D6094}.Release|Any CPU.Build.0 = Release|Any CPU
	EndGlobalSection
EndGlobal
